
Microsoft Visual Studio Solution File, Format Version 12.00
# Visual Studio 15
Project("{FAE04EC0-301F-11D3-BF4B-00C04F79EFBC}") = "GameScrips", "GameScrips.csproj", "{217D1350-F297-7B0A-D3E1-9FDC8076FAA1}"
EndProject
Project("{FAE04EC0-301F-11D3-BF4B-00C04F79EFBC}") = "GoogleAssembly", "GoogleAssembly.csproj", "{66D0F49F-CAD7-DDD9-570C-A026B2EEA7AE}"
EndProject
Project("{FAE04EC0-301F-11D3-BF4B-00C04F79EFBC}") = "Tests", "Tests.csproj", "{69C8C8C3-C66F-2165-7635-DED270A30F51}"
EndProject
Global
	GlobalSection(SolutionConfigurationPlatforms) = preSolution
		Debug|Any CPU = Debug|Any CPU
		Release|Any CPU = Release|Any CPU
	EndGlobalSection
	GlobalSection(ProjectConfigurationPlatforms) = postSolution
		{217D1350-F297-7B0A-D3E1-9FDC8076FAA1}.Debug|Any CPU.ActiveCfg = Debug|Any CPU
		{217D1350-F297-7B0A-D3E1-9FDC8076FAA1}.Debug|Any CPU.Build.0 = Debug|Any CPU
		{217D1350-F297-7B0A-D3E1-9FDC8076FAA1}.Release|Any CPU.ActiveCfg = Release|Any CPU
		{217D1350-F297-7B0A-D3E1-9FDC8076FAA1}.Release|Any CPU.Build.0 = Release|Any CPU
		{66D0F49F-CAD7-DDD9-570C-A026B2EEA7AE}.Debug|Any CPU.ActiveCfg = Debug|Any CPU
		{66D0F49F-CAD7-DDD9-570C-A026B2EEA7AE}.Debug|Any CPU.Build.0 = Debug|Any CPU
		{66D0F49F-CAD7-DDD9-570C-A026B2EEA7AE}.Release|Any CPU.ActiveCfg = Release|Any CPU
		{66D0F49F-CAD7-DDD9-570C-A026B2EEA7AE}.Release|Any CPU.Build.0 = Release|Any CPU
		{69C8C8C3-C66F-2165-7635-DED270A30F51}.Debug|Any CPU.ActiveCfg = Debug|Any CPU
		{69C8C8C3-C66F-2165-7635-DED270A30F51}.Debug|Any CPU.Build.0 = Debug|Any CPU
		{69C8C8C3-C66F-2165-7635-DED270A30F51}.Release|Any CPU.ActiveCfg = Release|Any CPU
		{69C8C8C3-C66F-2165-7635-DED270A30F51}.Release|Any CPU.Build.0 = Release|Any CPU
	EndGlobalSection
	GlobalSection(SolutionProperties) = preSolution
		HideSolutionNode = FALSE
	EndGlobalSection
EndGlobal
